
Microsoft Visual Studio Solution File, Format Version 12.00
# Visual Studio 15
VisualStudioVersion = 15.0.28307.1000
MinimumVisualStudioVersion = 10.0.40219.1
Project("{FAE04EC0-301F-11D3-BF4B-00C04F79EFBC}") = "Assignment_6_CS", "Assignment_6_CS\Assignment_6_CS.csproj", "{4C6C1684-B4B1-4F43-A750-59BD71E596BD}"
EndProject
Global
	GlobalSection(SolutionConfigurationPlatforms) = preSolution
		Debug|Any CPU = Debug|Any CPU
		Release|Any CPU = Release|Any CPU
	EndGlobalSection
	GlobalSection(ProjectConfigurationPlatforms) = postSolution
		{4C6C1684-B4B1-4F43-A750-59BD71E596BD}.Debug|Any CPU.ActiveCfg = Debug|Any CPU
		{4C6C1684-B4B1-4F43-A750-59BD71E596BD}.Debug|Any CPU.Build.0 = Debug|Any CPU
		{4C6C1684-B4B1-4F43-A750-59BD71E596BD}.Release|Any CPU.ActiveCfg = Release|Any CPU
		{4C6C1684-B4B1-4F43-A750-59BD71E596BD}.Release|Any CPU.Build.0 = Release|Any CPU
	EndGlobalSection
	GlobalSection(SolutionProperties) = preSolution
		HideSolutionNode = FALSE
	EndGlobalSection
	GlobalSection(ExtensibilityGlobals) = postSolution
		SolutionGuid = {73E9AFCC-95D1-447E-AD75-0E1F3D4E8EDA}
	EndGlobalSection
EndGlobal
